
Microsoft Visual Studio Solution File, Format Version 12.00
# Visual Studio Version 17
VisualStudioVersion = 17.4.33205.214
MinimumVisualStudioVersion = 10.0.40219.1
Project("{FAE04EC0-301F-11D3-BF4B-00C04F79EFBC}") = "SerialMonitorEssential", "SerialMonitorEssential.csproj", "{AB9905FE-05FE-4345-9BCF-FC977048158F}"
EndProject
Project("{54435603-DBB4-11D2-8724-00A0C9A8B90C}") = "SetupSerialMonitorEssential", "SetupSerialMonitorEssential\SetupSerialMonitorEssential.vdproj", "{E94980B0-E25B-406B-897D-720655C199F3}"
EndProject
Global
	GlobalSection(SolutionConfigurationPlatforms) = preSolution
		Debug|Any CPU = Debug|Any CPU
		Release|Any CPU = Release|Any CPU
	EndGlobalSection
	GlobalSection(ProjectConfigurationPlatforms) = postSolution
		{AB9905FE-05FE-4345-9BCF-FC977048158F}.Debug|Any CPU.ActiveCfg = Debug|Any CPU
		{AB9905FE-05FE-4345-9BCF-FC977048158F}.Debug|Any CPU.Build.0 = Debug|Any CPU
		{AB9905FE-05FE-4345-9BCF-FC977048158F}.Release|Any CPU.ActiveCfg = Release|Any CPU
		{AB9905FE-05FE-4345-9BCF-FC977048158F}.Release|Any CPU.Build.0 = Release|Any CPU
		{E94980B0-E25B-406B-897D-720655C199F3}.Debug|Any CPU.ActiveCfg = Debug
		{E94980B0-E25B-406B-897D-720655C199F3}.Release|Any CPU.ActiveCfg = Release
	EndGlobalSection
	GlobalSection(SolutionProperties) = preSolution
		HideSolutionNode = FALSE
	EndGlobalSection
	GlobalSection(ExtensibilityGlobals) = postSolution
		SolutionGuid = {DB24BDD3-4C09-429A-82FF-B9F357B4D564}
	EndGlobalSection
EndGlobal
